
Microsoft Visual Studio Solution File, Format Version 12.00
# Visual Studio Version 16
VisualStudioVersion = 16.0.33920.266
MinimumVisualStudioVersion = 10.0.40219.1
Project("{FAE04EC0-301F-11D3-BF4B-00C04F79EFBC}") = "ExportToExcel", "ExportToExcel\ExportToExcel.csproj", "{8CB1B0AF-26D7-4CCC-A28C-F9CF3FD5A48C}"
EndProject
Global
	GlobalSection(SolutionConfigurationPlatforms) = preSolution
		Debug|Any CPU = Debug|Any CPU
		Release|Any CPU = Release|Any CPU
	EndGlobalSection
	GlobalSection(ProjectConfigurationPlatforms) = postSolution
		{8CB1B0AF-26D7-4CCC-A28C-F9CF3FD5A48C}.Debug|Any CPU.ActiveCfg = Debug|Any CPU
		{8CB1B0AF-26D7-4CCC-A28C-F9CF3FD5A48C}.Debug|Any CPU.Build.0 = Debug|Any CPU
		{8CB1B0AF-26D7-4CCC-A28C-F9CF3FD5A48C}.Release|Any CPU.ActiveCfg = Release|Any CPU
		{8CB1B0AF-26D7-4CCC-A28C-F9CF3FD5A48C}.Release|Any CPU.Build.0 = Release|Any CPU
	EndGlobalSection
	GlobalSection(SolutionProperties) = preSolution
		HideSolutionNode = FALSE
	EndGlobalSection
	GlobalSection(ExtensibilityGlobals) = postSolution
		SolutionGuid = {ADC4B5AC-2BE4-47A1-8AB4-CF11F74C933E}
	EndGlobalSection
EndGlobal
